// !$*UTF8*$!
{
	archiveVersion = 1;
	classes = {
	};
	objectVersion = 50;
	objects = {

/* Begin PBXBuildFile section */
		7912F40A2C3296CC008B1E58 /* UseEnvironment.swift in Sources */ = {isa = PBXBuildFile; fileRef = 7912F4092C3296CC008B1E58 /* UseEnvironment.swift */; };
		792250D3296D45A300603C65 /* CounterDemo_SwiftUI_App.swift in Sources */ = {isa = PBXBuildFile; fileRef = 792250D2296D45A300603C65 /* CounterDemo_SwiftUI_App.swift */; };
		792250D5296D45A300603C65 /* ContentView.swift in Sources */ = {isa = PBXBuildFile; fileRef = 792250D4296D45A300603C65 /* ContentView.swift */; };
		792250D7296D45B000603C65 /* Assets.xcassets in Resources */ = {isa = PBXBuildFile; fileRef = 792250D6296D45B000603C65 /* Assets.xcassets */; };
		792250DA296D45B000603C65 /* Preview Assets.xcassets in Resources */ = {isa = PBXBuildFile; fileRef = 792250D9296D45B000603C65 /* Preview Assets.xcassets */; };
		798A5E052A9D9B2E00020C44 /* CounterViewModel.swift in Sources */ = {isa = PBXBuildFile; fileRef = 798A5E042A9D9B2E00020C44 /* CounterViewModel.swift */; };
		EAD6B25B2CB2794500FE7D79 /* UseStateObject.swift in Sources */ = {isa = PBXBuildFile; fileRef = EAD6B25A2CB2794500FE7D79 /* UseStateObject.swift */; };
/* End PBXBuildFile section */

/* Begin PBXFileReference section */
		7912F4092C3296CC008B1E58 /* UseEnvironment.swift */ = {isa = PBXFileReference; lastKnownFileType = sourcecode.swift; path = UseEnvironment.swift; sourceTree = "<group>"; };
		792250CF296D45A300603C65 /* CounterDemo(SwiftUI).app */ = {isa = PBXFileReference; explicitFileType = wrapper.application; includeInIndex = 0; path = "CounterDemo(SwiftUI).app"; sourceTree = BUILT_PRODUCTS_DIR; };
		792250D2296D45A300603C65 /* CounterDemo_SwiftUI_App.swift */ = {isa = PBXFileReference; lastKnownFileType = sourcecode.swift; path = CounterDemo_SwiftUI_App.swift; sourceTree = "<group>"; };
		792250D4296D45A300603C65 /* ContentView.swift */ = {isa = PBXFileReference; lastKnownFileType = sourcecode.swift; path = ContentView.swift; sourceTree = "<group>"; };
		792250D6296D45B000603C65 /* Assets.xcassets */ = {isa = PBXFileReference; lastKnownFileType = folder.assetcatalog; path = Assets.xcassets; sourceTree = "<group>"; };
		792250D9296D45B000603C65 /* Preview Assets.xcassets */ = {isa = PBXFileReference; lastKnownFileType = folder.assetcatalog; path = "Preview Assets.xcassets"; sourceTree = "<group>"; };
		792250DB296D45B000603C65 /* Info.plist */ = {isa = PBXFileReference; lastKnownFileType = text.plist.xml; path = Info.plist; sourceTree = "<group>"; };
		798A5E042A9D9B2E00020C44 /* CounterViewModel.swift */ = {isa = PBXFileReference; lastKnownFileType = sourcecode.swift; path = CounterViewModel.swift; sourceTree = "<group>"; };
		EAD6B25A2CB2794500FE7D79 /* UseStateObject.swift */ = {isa = PBXFileReference; lastKnownFileType = sourcecode.swift; path = UseStateObject.swift; sourceTree = "<group>"; };
/* End PBXFileReference section */

/* Begin PBXFrameworksBuildPhase section */
		792250CC296D45A300603C65 /* Frameworks */ = {
			isa = PBXFrameworksBuildPhase;
			buildActionMask = 2147483647;
			files = (
			);
			runOnlyForDeploymentPostprocessing = 0;
		};
/* End PBXFrameworksBuildPhase section */

/* Begin PBXGroup section */
		792250C6296D45A300603C65 = {
			isa = PBXGroup;
			children = (
				792250D1296D45A300603C65 /* CounterDemo(SwiftUI) */,
				792250D0296D45A300603C65 /* Products */,
			);
			sourceTree = "<group>";
		};
		792250D0296D45A300603C65 /* Products */ = {
			isa = PBXGroup;
			children = (
				792250CF296D45A300603C65 /* CounterDemo(SwiftUI).app */,
			);
			name = Products;
			sourceTree = "<group>";
		};
		792250D1296D45A300603C65 /* CounterDemo(SwiftUI) */ = {
			isa = PBXGroup;
			children = (
				EAD6B25A2CB2794500FE7D79 /* UseStateObject.swift */,
				792250D2296D45A300603C65 /* CounterDemo_SwiftUI_App.swift */,
				792250D4296D45A300603C65 /* ContentView.swift */,
				792250D6296D45B000603C65 /* Assets.xcassets */,
				792250DB296D45B000603C65 /* Info.plist */,
				792250D8296D45B000603C65 /* Preview Content */,
				798A5E042A9D9B2E00020C44 /* CounterViewModel.swift */,
				7912F4092C3296CC008B1E58 /* UseEnvironment.swift */,
			);
			path = "CounterDemo(SwiftUI)";
			sourceTree = "<group>";
		};
		792250D8296D45B000603C65 /* Preview Content */ = {
			isa = PBXGroup;
			children = (
				792250D9296D45B000603C65 /* Preview Assets.xcassets */,
			);
			path = "Preview Content";
			sourceTree = "<group>";
		};
/* End PBXGroup section */

/* Begin PBXNativeTarget section */
		792250CE296D45A300603C65 /* CounterDemo(SwiftUI) */ = {
			isa = PBXNativeTarget;
			buildConfigurationList = 792250DE296D45B000603C65 /* Build configuration list for PBXNativeTarget "CounterDemo(SwiftUI)" */;
			buildPhases = (
				792250CB296D45A300603C65 /* Sources */,
				792250CC296D45A300603C65 /* Frameworks */,
				792250CD296D45A300603C65 /* Resources */,
			);
			buildRules = (
			);
			dependencies = (
			);
			name = "CounterDemo(SwiftUI)";
			productName = "CounterDemo(SwiftUI)";
			productReference = 792250CF296D45A300603C65 /* CounterDemo(SwiftUI).app */;
			productType = "com.apple.product-type.application";
		};
/* End PBXNativeTarget section */

/* Begin PBXProject section */
		792250C7296D45A300603C65 /* Project object */ = {
			isa = PBXProject;
			attributes = {
				LastSwiftUpdateCheck = 1240;
				LastUpgradeCheck = 1240;
				TargetAttributes = {
					792250CE296D45A300603C65 = {
						CreatedOnToolsVersion = 12.4;
					};
				};
			};
			buildConfigurationList = 792250CA296D45A300603C65 /* Build configuration list for PBXProject "CounterDemo(SwiftUI)" */;
			compatibilityVersion = "Xcode 9.3";
			developmentRegion = en;
			hasScannedForEncodings = 0;
			knownRegions = (
				en,
				Base,
			);
			mainGroup = 792250C6296D45A300603C65;
			productRefGroup = 792250D0296D45A300603C65 /* Products */;
			projectDirPath = "";
			projectRoot = "";
			targets = (
				792250CE296D45A300603C65 /* CounterDemo(SwiftUI) */,
			);
		};
/* End PBXProject section */

/* Begin PBXResourcesBuildPhase section */
		792250CD296D45A300603C65 /* Resources */ = {
			isa = PBXResourcesBuildPhase;
			buildActionMask = 2147483647;
			files = (
				792250DA296D45B000603C65 /* Preview Assets.xcassets in Resources */,
				792250D7296D45B000603C65 /* Assets.xcassets in Resources */,
			);
			runOnlyForDeploymentPostprocessing = 0;
		};
/* End PBXResourcesBuildPhase section */

/* Begin PBXSourcesBuildPhase section */
		792250CB296D45A300603C65 /* Sources */ = {
			isa = PBXSourcesBuildPhase;
			buildActionMask = 2147483647;
			files = (
				792250D5296D45A300603C65 /* ContentView.swift in Sources */,
				7912F40A2C3296CC008B1E58 /* UseEnvironment.swift in Sources */,
				792250D3296D45A300603C65 /* CounterDemo_SwiftUI_App.swift in Sources */,
				EAD6B25B2CB2794500FE7D79 /* UseStateObject.swift in Sources */,
				798A5E052A9D9B2E00020C44 /* CounterViewModel.swift in Sources */,
			);
			runOnlyForDeploymentPostprocessing = 0;
		};
/* End PBXSourcesBuildPhase section */

/* Begin XCBuildConfiguration section */
		792250DC296D45B000603C65 /* Debug */ = {
			isa = XCBuildConfiguration;
			buildSettings = {
				ALWAYS_SEARCH_USER_PATHS = NO;
				CLANG_ANALYZER_NONNULL = YES;
				CLANG_ANALYZER_NUMBER_OBJECT_CONVERSION = YES_AGGRESSIVE;
				CLANG_CXX_LANGUAGE_STANDARD = "gnu++14";
				CLANG_CXX_LIBRARY = "libc++";
				CLANG_ENABLE_MODULES = YES;
				CLANG_ENABLE_OBJC_ARC = YES;
				CLANG_ENABLE_OBJC_WEAK = YES;
				CLANG_WARN_BLOCK_CAPTURE_AUTORELEASING = YES;
				CLANG_WARN_BOOL_CONVERSION = YES;
				CLANG_WARN_COMMA = YES;
				CLANG_WARN_CONSTANT_CONVERSION = YES;
				CLANG_WARN_DEPRECATED_OBJC_IMPLEMENTATIONS = YES;
				CLANG_WARN_DIRECT_OBJC_ISA_USAGE = YES_ERROR;
				CLANG_WARN_DOCUMENTATION_COMMENTS = YES;
				CLANG_WARN_EMPTY_BODY = YES;
				CLANG_WARN_ENUM_CONVERSION = YES;
				CLANG_WARN_INFINITE_RECURSION = YES;
				CLANG_WARN_INT_CONVERSION = YES;
				CLANG_WARN_NON_LITERAL_NULL_CONVERSION = YES;
				CLANG_WARN_OBJC_IMPLICIT_RETAIN_SELF = YES;
				CLANG_WARN_OBJC_LITERAL_CONVERSION = YES;
				CLANG_WARN_OBJC_ROOT_CLASS = YES_ERROR;
				CLANG_WARN_QUOTED_INCLUDE_IN_FRAMEWORK_HEADER = YES;
				CLANG_WARN_RANGE_LOOP_ANALYSIS = YES;
				CLANG_WARN_STRICT_PROTOTYPES = YES;
				CLANG_WARN_SUSPICIOUS_MOVE = YES;
				CLANG_WARN_UNGUARDED_AVAILABILITY = YES_AGGRESSIVE;
				CLANG_WARN_UNREACHABLE_CODE = YES;
				CLANG_WARN__DUPLICATE_METHOD_MATCH = YES;
				COPY_PHASE_STRIP = NO;
				DEBUG_INFORMATION_FORMAT = dwarf;
				ENABLE_STRICT_OBJC_MSGSEND = YES;
				ENABLE_TESTABILITY = YES;
				GCC_C_LANGUAGE_STANDARD = gnu11;
				GCC_DYNAMIC_NO_PIC = NO;
				GCC_NO_COMMON_BLOCKS = YES;
				GCC_OPTIMIZATION_LEVEL = 0;
				GCC_PREPROCESSOR_DEFINITIONS = (
					"DEBUG=1",
					"$(inherited)",
				);
				GCC_WARN_64_TO_32_BIT_CONVERSION = YES;
				GCC_WARN_ABOUT_RETURN_TYPE = YES_ERROR;
				GCC_WARN_UNDECLARED_SELECTOR = YES;
				GCC_WARN_UNINITIALIZED_AUTOS = YES_AGGRESSIVE;
				GCC_WARN_UNUSED_FUNCTION = YES;
				GCC_WARN_UNUSED_VARIABLE = YES;
				IPHONEOS_DEPLOYMENT_TARGET = 14.4;
				MTL_ENABLE_DEBUG_INFO = INCLUDE_SOURCE;
				MTL_FAST_MATH = YES;
				ONLY_ACTIVE_ARCH = YES;
				SDKROOT = iphoneos;
				SWIFT_ACTIVE_COMPILATION_CONDITIONS = DEBUG;
				SWIFT_OPTIMIZATION_LEVEL = "-Onone";
			};
			name = Debug;
		};
		792250DD296D45B000603C65 /* Release */ = {
			isa = XCBuildConfiguration;
			buildSettings = {
				ALWAYS_SEARCH_USER_PATHS = NO;
				CLANG_ANALYZER_NONNULL = YES;
				CLANG_ANALYZER_NUMBER_OBJECT_CONVERSION = YES_AGGRESSIVE;
				CLANG_CXX_LANGUAGE_STANDARD = "gnu++14";
				CLANG_CXX_LIBRARY = "libc++";
				CLANG_ENABLE_MODULES = YES;
				CLANG_ENABLE_OBJC_ARC = YES;
				CLANG_ENABLE_OBJC_WEAK = YES;
				CLANG_WARN_BLOCK_CAPTURE_AUTORELEASING = YES;
				CLANG_WARN_BOOL_CONVERSION = YES;
				CLANG_WARN_COMMA = YES;
				CLANG_WARN_CONSTANT_CONVERSION = YES;
				CLANG_WARN_DEPRECATED_OBJC_IMPLEMENTATIONS = YES;
				CLANG_WARN_DIRECT_OBJC_ISA_USAGE = YES_ERROR;
				CLANG_WARN_DOCUMENTATION_COMMENTS = YES;
				CLANG_WARN_EMPTY_BODY = YES;
				CLANG_WARN_ENUM_CONVERSION = YES;
				CLANG_WARN_INFINITE_RECURSION = YES;
				CLANG_WARN_INT_CONVERSION = YES;
				CLANG_WARN_NON_LITERAL_NULL_CONVERSION = YES;
				CLANG_WARN_OBJC_IMPLICIT_RETAIN_SELF = YES;
				CLANG_WARN_OBJC_LITERAL_CONVERSION = YES;
				CLANG_WARN_OBJC_ROOT_CLASS = YES_ERROR;
				CLANG_WARN_QUOTED_INCLUDE_IN_FRAMEWORK_HEADER = YES;
				CLANG_WARN_RANGE_LOOP_ANALYSIS = YES;
				CLANG_WARN_STRICT_PROTOTYPES = YES;
				CLANG_WARN_SUSPICIOUS_MOVE = YES;
				CLANG_WARN_UNGUARDED_AVAILABILITY = YES_AGGRESSIVE;
				CLANG_WARN_UNREACHABLE_CODE = YES;
				CLANG_WARN__DUPLICATE_METHOD_MATCH = YES;
				COPY_PHASE_STRIP = NO;
				DEBUG_INFORMATION_FORMAT = "dwarf-with-dsym";
				ENABLE_NS_ASSERTIONS = NO;
				ENABLE_STRICT_OBJC_MSGSEND = YES;
				GCC_C_LANGUAGE_STANDARD = gnu11;
				GCC_NO_COMMON_BLOCKS = YES;
				GCC_WARN_64_TO_32_BIT_CONVERSION = YES;
				GCC_WARN_ABOUT_RETURN_TYPE = YES_ERROR;
				GCC_WARN_UNDECLARED_SELECTOR = YES;
				GCC_WARN_UNINITIALIZED_AUTOS = YES_AGGRESSIVE;
				GCC_WARN_UNUSED_FUNCTION = YES;
				GCC_WARN_UNUSED_VARIABLE = YES;
				IPHONEOS_DEPLOYMENT_TARGET = 14.4;
				MTL_ENABLE_DEBUG_INFO = NO;
				MTL_FAST_MATH = YES;
				SDKROOT = iphoneos;
				SWIFT_COMPILATION_MODE = wholemodule;
				SWIFT_OPTIMIZATION_LEVEL = "-O";
				VALIDATE_PRODUCT = YES;
			};
			name = Release;
		};
		792250DF296D45B000603C65 /* Debug */ = {
			isa = XCBuildConfiguration;
			buildSettings = {
				ASSETCATALOG_COMPILER_APPICON_NAME = AppIcon;
				ASSETCATALOG_COMPILER_GLOBAL_ACCENT_COLOR_NAME = AccentColor;
				CODE_SIGN_STYLE = Automatic;
				DEVELOPMENT_ASSET_PATHS = "\"CounterDemo(SwiftUI)/Preview Content\"";
				ENABLE_PREVIEWS = YES;
				INFOPLIST_FILE = "CounterDemo(SwiftUI)/Info.plist";
				IPHONEOS_DEPLOYMENT_TARGET = 14.0;
				LD_RUNPATH_SEARCH_PATHS = (
					"$(inherited)",
					"@executable_path/Frameworks",
				);
				PRODUCT_BUNDLE_IDENTIFIER = "com.ndhu.CounterDemo-SwiftUI-";
				PRODUCT_NAME = "$(TARGET_NAME)";
				SWIFT_VERSION = 5.0;
				TARGETED_DEVICE_FAMILY = "1,2";
			};
			name = Debug;
		};
		792250E0296D45B000603C65 /* Release */ = {
			isa = XCBuildConfiguration;
			buildSettings = {
				ASSETCATALOG_COMPILER_APPICON_NAME = AppIcon;
				ASSETCATALOG_COMPILER_GLOBAL_ACCENT_COLOR_NAME = AccentColor;
				CODE_SIGN_STYLE = Automatic;
				DEVELOPMENT_ASSET_PATHS = "\"CounterDemo(SwiftUI)/Preview Content\"";
				ENABLE_PREVIEWS = YES;
				INFOPLIST_FILE = "CounterDemo(SwiftUI)/Info.plist";
				IPHONEOS_DEPLOYMENT_TARGET = 14.0;
				LD_RUNPATH_SEARCH_PATHS = (
					"$(inherited)",
					"@executable_path/Frameworks",
				);
				PRODUCT_BUNDLE_IDENTIFIER = "com.ndhu.CounterDemo-SwiftUI-";
				PRODUCT_NAME = "$(TARGET_NAME)";
				SWIFT_VERSION = 5.0;
				TARGETED_DEVICE_FAMILY = "1,2";
			};
			name = Release;
		};
/* End XCBuildConfiguration section */

/* Begin XCConfigurationList section */
		792250CA296D45A300603C65 /* Build configuration list for PBXProject "CounterDemo(SwiftUI)" */ = {
			isa = XCConfigurationList;
			buildConfigurations = (
				792250DC296D45B000603C65 /* Debug */,
				792250DD296D45B000603C65 /* Release */,
			);
			defaultConfigurationIsVisible = 0;
			defaultConfigurationName = Release;
		};
		792250DE296D45B000603C65 /* Build configuration list for PBXNativeTarget "CounterDemo(SwiftUI)" */ = {
			isa = XCConfigurationList;
			buildConfigurations = (
				792250DF296D45B000603C65 /* Debug */,
				792250E0296D45B000603C65 /* Release */,
			);
			defaultConfigurationIsVisible = 0;
			defaultConfigurationName = Release;
		};
/* End XCConfigurationList section */
	};
	rootObject = 792250C7296D45A300603C65 /* Project object */;
}
