// !$*UTF8*$!
{
	archiveVersion = 1;
	classes = {
	};
	objectVersion = 54;
	objects = {

/* Begin PBXBuildFile section */
		7970F6B22D0FD26500F26677 /* SignUpView.swift in Sources */ = {isa = PBXBuildFile; fileRef = 7970F6B12D0FD26500F26677 /* SignUpView.swift */; };
		7970F6B52D0FD2AB00F26677 /* SignInView.swift in Sources */ = {isa = PBXBuildFile; fileRef = 7970F6B42D0FD2AB00F26677 /* SignInView.swift */; };
		797973A729FA76040049BDAE /* FormValidationApp.swift in Sources */ = {isa = PBXBuildFile; fileRef = 797973A629FA76040049BDAE /* FormValidationApp.swift */; };
		797973A929FA76040049BDAE /* ContentView.swift in Sources */ = {isa = PBXBuildFile; fileRef = 797973A829FA76040049BDAE /* ContentView.swift */; };
		797973AB29FA76120049BDAE /* Assets.xcassets in Resources */ = {isa = PBXBuildFile; fileRef = 797973AA29FA76120049BDAE /* Assets.xcassets */; };
		797973AE29FA76120049BDAE /* Preview Assets.xcassets in Resources */ = {isa = PBXBuildFile; fileRef = 797973AD29FA76120049BDAE /* Preview Assets.xcassets */; };
		797973B729FA763C0049BDAE /* AccountForm.swift in Sources */ = {isa = PBXBuildFile; fileRef = 797973B629FA763C0049BDAE /* AccountForm.swift */; };
		79F70B4A2CFC549D00D5C710 /* AccountModel.swift in Sources */ = {isa = PBXBuildFile; fileRef = 79F70B492CFC549C00D5C710 /* AccountModel.swift */; };
		79F70B522CFC588000D5C710 /* FirebaseAuth in Frameworks */ = {isa = PBXBuildFile; productRef = 79F70B512CFC588000D5C710 /* FirebaseAuth */; };
/* End PBXBuildFile section */

/* Begin PBXFileReference section */
		7970F6B12D0FD26500F26677 /* SignUpView.swift */ = {isa = PBXFileReference; lastKnownFileType = sourcecode.swift; path = SignUpView.swift; sourceTree = "<group>"; };
		7970F6B42D0FD2AB00F26677 /* SignInView.swift */ = {isa = PBXFileReference; lastKnownFileType = sourcecode.swift; path = SignInView.swift; sourceTree = "<group>"; };
		797973A329FA76040049BDAE /* FormValidation.app */ = {isa = PBXFileReference; explicitFileType = wrapper.application; includeInIndex = 0; path = FormValidation.app; sourceTree = BUILT_PRODUCTS_DIR; };
		797973A629FA76040049BDAE /* FormValidationApp.swift */ = {isa = PBXFileReference; lastKnownFileType = sourcecode.swift; path = FormValidationApp.swift; sourceTree = "<group>"; };
		797973A829FA76040049BDAE /* ContentView.swift */ = {isa = PBXFileReference; lastKnownFileType = sourcecode.swift; path = ContentView.swift; sourceTree = "<group>"; };
		797973AA29FA76120049BDAE /* Assets.xcassets */ = {isa = PBXFileReference; lastKnownFileType = folder.assetcatalog; path = Assets.xcassets; sourceTree = "<group>"; };
		797973AD29FA76120049BDAE /* Preview Assets.xcassets */ = {isa = PBXFileReference; lastKnownFileType = folder.assetcatalog; path = "Preview Assets.xcassets"; sourceTree = "<group>"; };
		797973AF29FA76120049BDAE /* Info.plist */ = {isa = PBXFileReference; lastKnownFileType = text.plist.xml; path = Info.plist; sourceTree = "<group>"; };
		797973B629FA763C0049BDAE /* AccountForm.swift */ = {isa = PBXFileReference; lastKnownFileType = sourcecode.swift; path = AccountForm.swift; sourceTree = "<group>"; };
		79F70B492CFC549C00D5C710 /* AccountModel.swift */ = {isa = PBXFileReference; lastKnownFileType = sourcecode.swift; path = AccountModel.swift; sourceTree = "<group>"; };
/* End PBXFileReference section */

/* Begin PBXFrameworksBuildPhase section */
		797973A029FA76040049BDAE /* Frameworks */ = {
			isa = PBXFrameworksBuildPhase;
			buildActionMask = 2147483647;
			files = (
				79F70B522CFC588000D5C710 /* FirebaseAuth in Frameworks */,
			);
			runOnlyForDeploymentPostprocessing = 0;
		};
/* End PBXFrameworksBuildPhase section */

/* Begin PBXGroup section */
		7979739A29FA76040049BDAE = {
			isa = PBXGroup;
			children = (
				797973A529FA76040049BDAE /* FormValidation */,
				797973A429FA76040049BDAE /* Products */,
			);
			sourceTree = "<group>";
		};
		797973A429FA76040049BDAE /* Products */ = {
			isa = PBXGroup;
			children = (
				797973A329FA76040049BDAE /* FormValidation.app */,
			);
			name = Products;
			sourceTree = "<group>";
		};
		797973A529FA76040049BDAE /* FormValidation */ = {
			isa = PBXGroup;
			children = (
				797973A629FA76040049BDAE /* FormValidationApp.swift */,
				797973A829FA76040049BDAE /* ContentView.swift */,
				797973AA29FA76120049BDAE /* Assets.xcassets */,
				797973AF29FA76120049BDAE /* Info.plist */,
				797973AC29FA76120049BDAE /* Preview Content */,
				797973B629FA763C0049BDAE /* AccountForm.swift */,
				79F70B492CFC549C00D5C710 /* AccountModel.swift */,
				7970F6B12D0FD26500F26677 /* SignUpView.swift */,
				7970F6B42D0FD2AB00F26677 /* SignInView.swift */,
			);
			path = FormValidation;
			sourceTree = "<group>";
		};
		797973AC29FA76120049BDAE /* Preview Content */ = {
			isa = PBXGroup;
			children = (
				797973AD29FA76120049BDAE /* Preview Assets.xcassets */,
			);
			path = "Preview Content";
			sourceTree = "<group>";
		};
/* End PBXGroup section */

/* Begin PBXNativeTarget section */
		797973A229FA76040049BDAE /* FormValidation */ = {
			isa = PBXNativeTarget;
			buildConfigurationList = 797973B229FA76120049BDAE /* Build configuration list for PBXNativeTarget "FormValidation" */;
			buildPhases = (
				7979739F29FA76040049BDAE /* Sources */,
				797973A029FA76040049BDAE /* Frameworks */,
				797973A129FA76040049BDAE /* Resources */,
			);
			buildRules = (
			);
			dependencies = (
			);
			name = FormValidation;
			packageProductDependencies = (
				79F70B512CFC588000D5C710 /* FirebaseAuth */,
			);
			productName = FormValidation;
			productReference = 797973A329FA76040049BDAE /* FormValidation.app */;
			productType = "com.apple.product-type.application";
		};
/* End PBXNativeTarget section */

/* Begin PBXProject section */
		7979739B29FA76040049BDAE /* Project object */ = {
			isa = PBXProject;
			attributes = {
				LastSwiftUpdateCheck = 1240;
				LastUpgradeCheck = 1240;
				TargetAttributes = {
					797973A229FA76040049BDAE = {
						CreatedOnToolsVersion = 12.4;
					};
				};
			};
			buildConfigurationList = 7979739E29FA76040049BDAE /* Build configuration list for PBXProject "FormValidation" */;
			compatibilityVersion = "Xcode 9.3";
			developmentRegion = en;
			hasScannedForEncodings = 0;
			knownRegions = (
				en,
				Base,
			);
			mainGroup = 7979739A29FA76040049BDAE;
			packageReferences = (
				79F70B502CFC588000D5C710 /* XCRemoteSwiftPackageReference "firebase-ios-sdk" */,
			);
			productRefGroup = 797973A429FA76040049BDAE /* Products */;
			projectDirPath = "";
			projectRoot = "";
			targets = (
				797973A229FA76040049BDAE /* FormValidation */,
			);
		};
/* End PBXProject section */

/* Begin PBXResourcesBuildPhase section */
		797973A129FA76040049BDAE /* Resources */ = {
			isa = PBXResourcesBuildPhase;
			buildActionMask = 2147483647;
			files = (
				797973AE29FA76120049BDAE /* Preview Assets.xcassets in Resources */,
				797973AB29FA76120049BDAE /* Assets.xcassets in Resources */,
			);
			runOnlyForDeploymentPostprocessing = 0;
		};
/* End PBXResourcesBuildPhase section */

/* Begin PBXSourcesBuildPhase section */
		7979739F29FA76040049BDAE /* Sources */ = {
			isa = PBXSourcesBuildPhase;
			buildActionMask = 2147483647;
			files = (
				7970F6B52D0FD2AB00F26677 /* SignInView.swift in Sources */,
				797973A929FA76040049BDAE /* ContentView.swift in Sources */,
				7970F6B22D0FD26500F26677 /* SignUpView.swift in Sources */,
				797973A729FA76040049BDAE /* FormValidationApp.swift in Sources */,
				797973B729FA763C0049BDAE /* AccountForm.swift in Sources */,
				79F70B4A2CFC549D00D5C710 /* AccountModel.swift in Sources */,
			);
			runOnlyForDeploymentPostprocessing = 0;
		};
/* End PBXSourcesBuildPhase section */

/* Begin XCBuildConfiguration section */
		797973B029FA76120049BDAE /* Debug */ = {
			isa = XCBuildConfiguration;
			buildSettings = {
				ALWAYS_SEARCH_USER_PATHS = NO;
				CLANG_ANALYZER_NONNULL = YES;
				CLANG_ANALYZER_NUMBER_OBJECT_CONVERSION = YES_AGGRESSIVE;
				CLANG_CXX_LANGUAGE_STANDARD = "gnu++14";
				CLANG_CXX_LIBRARY = "libc++";
				CLANG_ENABLE_MODULES = YES;
				CLANG_ENABLE_OBJC_ARC = YES;
				CLANG_ENABLE_OBJC_WEAK = YES;
				CLANG_WARN_BLOCK_CAPTURE_AUTORELEASING = YES;
				CLANG_WARN_BOOL_CONVERSION = YES;
				CLANG_WARN_COMMA = YES;
				CLANG_WARN_CONSTANT_CONVERSION = YES;
				CLANG_WARN_DEPRECATED_OBJC_IMPLEMENTATIONS = YES;
				CLANG_WARN_DIRECT_OBJC_ISA_USAGE = YES_ERROR;
				CLANG_WARN_DOCUMENTATION_COMMENTS = YES;
				CLANG_WARN_EMPTY_BODY = YES;
				CLANG_WARN_ENUM_CONVERSION = YES;
				CLANG_WARN_INFINITE_RECURSION = YES;
				CLANG_WARN_INT_CONVERSION = YES;
				CLANG_WARN_NON_LITERAL_NULL_CONVERSION = YES;
				CLANG_WARN_OBJC_IMPLICIT_RETAIN_SELF = YES;
				CLANG_WARN_OBJC_LITERAL_CONVERSION = YES;
				CLANG_WARN_OBJC_ROOT_CLASS = YES_ERROR;
				CLANG_WARN_QUOTED_INCLUDE_IN_FRAMEWORK_HEADER = YES;
				CLANG_WARN_RANGE_LOOP_ANALYSIS = YES;
				CLANG_WARN_STRICT_PROTOTYPES = YES;
				CLANG_WARN_SUSPICIOUS_MOVE = YES;
				CLANG_WARN_UNGUARDED_AVAILABILITY = YES_AGGRESSIVE;
				CLANG_WARN_UNREACHABLE_CODE = YES;
				CLANG_WARN__DUPLICATE_METHOD_MATCH = YES;
				COPY_PHASE_STRIP = NO;
				DEBUG_INFORMATION_FORMAT = dwarf;
				ENABLE_STRICT_OBJC_MSGSEND = YES;
				ENABLE_TESTABILITY = YES;
				GCC_C_LANGUAGE_STANDARD = gnu11;
				GCC_DYNAMIC_NO_PIC = NO;
				GCC_NO_COMMON_BLOCKS = YES;
				GCC_OPTIMIZATION_LEVEL = 0;
				GCC_PREPROCESSOR_DEFINITIONS = (
					"DEBUG=1",
					"$(inherited)",
				);
				GCC_WARN_64_TO_32_BIT_CONVERSION = YES;
				GCC_WARN_ABOUT_RETURN_TYPE = YES_ERROR;
				GCC_WARN_UNDECLARED_SELECTOR = YES;
				GCC_WARN_UNINITIALIZED_AUTOS = YES_AGGRESSIVE;
				GCC_WARN_UNUSED_FUNCTION = YES;
				GCC_WARN_UNUSED_VARIABLE = YES;
				IPHONEOS_DEPLOYMENT_TARGET = 14.4;
				MTL_ENABLE_DEBUG_INFO = INCLUDE_SOURCE;
				MTL_FAST_MATH = YES;
				ONLY_ACTIVE_ARCH = YES;
				SDKROOT = iphoneos;
				SWIFT_ACTIVE_COMPILATION_CONDITIONS = DEBUG;
				SWIFT_OPTIMIZATION_LEVEL = "-Onone";
			};
			name = Debug;
		};
		797973B129FA76120049BDAE /* Release */ = {
			isa = XCBuildConfiguration;
			buildSettings = {
				ALWAYS_SEARCH_USER_PATHS = NO;
				CLANG_ANALYZER_NONNULL = YES;
				CLANG_ANALYZER_NUMBER_OBJECT_CONVERSION = YES_AGGRESSIVE;
				CLANG_CXX_LANGUAGE_STANDARD = "gnu++14";
				CLANG_CXX_LIBRARY = "libc++";
				CLANG_ENABLE_MODULES = YES;
				CLANG_ENABLE_OBJC_ARC = YES;
				CLANG_ENABLE_OBJC_WEAK = YES;
				CLANG_WARN_BLOCK_CAPTURE_AUTORELEASING = YES;
				CLANG_WARN_BOOL_CONVERSION = YES;
				CLANG_WARN_COMMA = YES;
				CLANG_WARN_CONSTANT_CONVERSION = YES;
				CLANG_WARN_DEPRECATED_OBJC_IMPLEMENTATIONS = YES;
				CLANG_WARN_DIRECT_OBJC_ISA_USAGE = YES_ERROR;
				CLANG_WARN_DOCUMENTATION_COMMENTS = YES;
				CLANG_WARN_EMPTY_BODY = YES;
				CLANG_WARN_ENUM_CONVERSION = YES;
				CLANG_WARN_INFINITE_RECURSION = YES;
				CLANG_WARN_INT_CONVERSION = YES;
				CLANG_WARN_NON_LITERAL_NULL_CONVERSION = YES;
				CLANG_WARN_OBJC_IMPLICIT_RETAIN_SELF = YES;
				CLANG_WARN_OBJC_LITERAL_CONVERSION = YES;
				CLANG_WARN_OBJC_ROOT_CLASS = YES_ERROR;
				CLANG_WARN_QUOTED_INCLUDE_IN_FRAMEWORK_HEADER = YES;
				CLANG_WARN_RANGE_LOOP_ANALYSIS = YES;
				CLANG_WARN_STRICT_PROTOTYPES = YES;
				CLANG_WARN_SUSPICIOUS_MOVE = YES;
				CLANG_WARN_UNGUARDED_AVAILABILITY = YES_AGGRESSIVE;
				CLANG_WARN_UNREACHABLE_CODE = YES;
				CLANG_WARN__DUPLICATE_METHOD_MATCH = YES;
				COPY_PHASE_STRIP = NO;
				DEBUG_INFORMATION_FORMAT = "dwarf-with-dsym";
				ENABLE_NS_ASSERTIONS = NO;
				ENABLE_STRICT_OBJC_MSGSEND = YES;
				GCC_C_LANGUAGE_STANDARD = gnu11;
				GCC_NO_COMMON_BLOCKS = YES;
				GCC_WARN_64_TO_32_BIT_CONVERSION = YES;
				GCC_WARN_ABOUT_RETURN_TYPE = YES_ERROR;
				GCC_WARN_UNDECLARED_SELECTOR = YES;
				GCC_WARN_UNINITIALIZED_AUTOS = YES_AGGRESSIVE;
				GCC_WARN_UNUSED_FUNCTION = YES;
				GCC_WARN_UNUSED_VARIABLE = YES;
				IPHONEOS_DEPLOYMENT_TARGET = 14.4;
				MTL_ENABLE_DEBUG_INFO = NO;
				MTL_FAST_MATH = YES;
				SDKROOT = iphoneos;
				SWIFT_COMPILATION_MODE = wholemodule;
				SWIFT_OPTIMIZATION_LEVEL = "-O";
				VALIDATE_PRODUCT = YES;
			};
			name = Release;
		};
		797973B329FA76120049BDAE /* Debug */ = {
			isa = XCBuildConfiguration;
			buildSettings = {
				ASSETCATALOG_COMPILER_APPICON_NAME = AppIcon;
				ASSETCATALOG_COMPILER_GLOBAL_ACCENT_COLOR_NAME = AccentColor;
				CODE_SIGN_STYLE = Automatic;
				DEVELOPMENT_ASSET_PATHS = "\"FormValidation/Preview Content\"";
				ENABLE_PREVIEWS = YES;
				INFOPLIST_FILE = FormValidation/Info.plist;
				IPHONEOS_DEPLOYMENT_TARGET = 14.0;
				LD_RUNPATH_SEARCH_PATHS = (
					"$(inherited)",
					"@executable_path/Frameworks",
				);
				PRODUCT_BUNDLE_IDENTIFIER = com.ndhu.FormValidation;
				PRODUCT_NAME = "$(TARGET_NAME)";
				SWIFT_VERSION = 5.0;
				TARGETED_DEVICE_FAMILY = "1,2";
			};
			name = Debug;
		};
		797973B429FA76120049BDAE /* Release */ = {
			isa = XCBuildConfiguration;
			buildSettings = {
				ASSETCATALOG_COMPILER_APPICON_NAME = AppIcon;
				ASSETCATALOG_COMPILER_GLOBAL_ACCENT_COLOR_NAME = AccentColor;
				CODE_SIGN_STYLE = Automatic;
				DEVELOPMENT_ASSET_PATHS = "\"FormValidation/Preview Content\"";
				ENABLE_PREVIEWS = YES;
				INFOPLIST_FILE = FormValidation/Info.plist;
				IPHONEOS_DEPLOYMENT_TARGET = 14.0;
				LD_RUNPATH_SEARCH_PATHS = (
					"$(inherited)",
					"@executable_path/Frameworks",
				);
				PRODUCT_BUNDLE_IDENTIFIER = com.ndhu.FormValidation;
				PRODUCT_NAME = "$(TARGET_NAME)";
				SWIFT_VERSION = 5.0;
				TARGETED_DEVICE_FAMILY = "1,2";
			};
			name = Release;
		};
/* End XCBuildConfiguration section */

/* Begin XCConfigurationList section */
		7979739E29FA76040049BDAE /* Build configuration list for PBXProject "FormValidation" */ = {
			isa = XCConfigurationList;
			buildConfigurations = (
				797973B029FA76120049BDAE /* Debug */,
				797973B129FA76120049BDAE /* Release */,
			);
			defaultConfigurationIsVisible = 0;
			defaultConfigurationName = Release;
		};
		797973B229FA76120049BDAE /* Build configuration list for PBXNativeTarget "FormValidation" */ = {
			isa = XCConfigurationList;
			buildConfigurations = (
				797973B329FA76120049BDAE /* Debug */,
				797973B429FA76120049BDAE /* Release */,
			);
			defaultConfigurationIsVisible = 0;
			defaultConfigurationName = Release;
		};
/* End XCConfigurationList section */

/* Begin XCRemoteSwiftPackageReference section */
		79F70B502CFC588000D5C710 /* XCRemoteSwiftPackageReference "firebase-ios-sdk" */ = {
			isa = XCRemoteSwiftPackageReference;
			repositoryURL = "https://github.com/firebase/firebase-ios-sdk";
			requirement = {
				kind = versionRange;
				maximumVersion = 8.2.0;
				minimumVersion = 8.0.0;
			};
		};
/* End XCRemoteSwiftPackageReference section */

/* Begin XCSwiftPackageProductDependency section */
		79F70B512CFC588000D5C710 /* FirebaseAuth */ = {
			isa = XCSwiftPackageProductDependency;
			package = 79F70B502CFC588000D5C710 /* XCRemoteSwiftPackageReference "firebase-ios-sdk" */;
			productName = FirebaseAuth;
		};
/* End XCSwiftPackageProductDependency section */
	};
	rootObject = 7979739B29FA76040049BDAE /* Project object */;
}
